// !$*UTF8*$!
{
	archiveVersion = 1;
	classes = {
	};
	objectVersion = 50;
	objects = {

/* Begin PBXBuildFile section */
		BC497152279B53DC00BF5925 /* AppDelegate.swift in Sources */ = {isa = PBXBuildFile; fileRef = BC497151279B53DC00BF5925 /* AppDelegate.swift */; };
		BC497154279B53DC00BF5925 /* SceneDelegate.swift in Sources */ = {isa = PBXBuildFile; fileRef = BC497153279B53DC00BF5925 /* SceneDelegate.swift */; };
		BC497156279B53DC00BF5925 /* ListViewController.swift in Sources */ = {isa = PBXBuildFile; fileRef = BC497155279B53DC00BF5925 /* ListViewController.swift */; };
		BC497159279B53DC00BF5925 /* Main.storyboard in Resources */ = {isa = PBXBuildFile; fileRef = BC497157279B53DC00BF5925 /* Main.storyboard */; };
		BC49715C279B53DD00BF5925 /* teleTrader_app.xcdatamodeld in Sources */ = {isa = PBXBuildFile; fileRef = BC49715A279B53DD00BF5925 /* teleTrader_app.xcdatamodeld */; };
		BC49715E279B53DE00BF5925 /* Assets.xcassets in Resources */ = {isa = PBXBuildFile; fileRef = BC49715D279B53DE00BF5925 /* Assets.xcassets */; };
		BC497161279B53DE00BF5925 /* LaunchScreen.storyboard in Resources */ = {isa = PBXBuildFile; fileRef = BC49715F279B53DE00BF5925 /* LaunchScreen.storyboard */; };
		BC49716C279B5DD400BF5925 /* NewsHomeViewController.swift in Sources */ = {isa = PBXBuildFile; fileRef = BC49716B279B5DD400BF5925 /* NewsHomeViewController.swift */; };
		BC497171279B600C00BF5925 /* DataManager.swift in Sources */ = {isa = PBXBuildFile; fileRef = BC497170279B600C00BF5925 /* DataManager.swift */; };
		BC497174279B64B600BF5925 /* RestManager.swift in Sources */ = {isa = PBXBuildFile; fileRef = BC497173279B64B600BF5925 /* RestManager.swift */; };
		BC497177279B657400BF5925 /* Constants.swift in Sources */ = {isa = PBXBuildFile; fileRef = BC497176279B657400BF5925 /* Constants.swift */; };
		BC497181279BEED500BF5925 /* MainTabBarController.swift in Sources */ = {isa = PBXBuildFile; fileRef = BC497180279BEED500BF5925 /* MainTabBarController.swift */; };
		BC497184279BF42100BF5925 /* NRXMLParser.swift in Sources */ = {isa = PBXBuildFile; fileRef = BC497183279BF42100BF5925 /* NRXMLParser.swift */; };
		BC497188279BF5D900BF5925 /* Symbol.swift in Sources */ = {isa = PBXBuildFile; fileRef = BC497187279BF5D900BF5925 /* Symbol.swift */; };
		BC49718D279C0D0800BF5925 /* Quote.swift in Sources */ = {isa = PBXBuildFile; fileRef = BC49718C279C0D0800BF5925 /* Quote.swift */; };
		BC497191279C333600BF5925 /* ListViewModel.swift in Sources */ = {isa = PBXBuildFile; fileRef = BC497190279C333600BF5925 /* ListViewModel.swift */; };
		BC497198279C3B2200BF5925 /* ListTableViewCell.swift in Sources */ = {isa = PBXBuildFile; fileRef = BC497196279C3B2200BF5925 /* ListTableViewCell.swift */; };
		BC497199279C3B2200BF5925 /* ListTableViewCell.xib in Resources */ = {isa = PBXBuildFile; fileRef = BC497197279C3B2200BF5925 /* ListTableViewCell.xib */; };
		BC49719C279C5E9A00BF5925 /* Extensions.swift in Sources */ = {isa = PBXBuildFile; fileRef = BC49719B279C5E9A00BF5925 /* Extensions.swift */; };
		BC4971A0279CB46800BF5925 /* SymbolDetailsViewController.swift in Sources */ = {isa = PBXBuildFile; fileRef = BC49719F279CB46700BF5925 /* SymbolDetailsViewController.swift */; };
/* End PBXBuildFile section */

/* Begin PBXFileReference section */
		BC49714E279B53DC00BF5925 /* teleTrader_app.app */ = {isa = PBXFileReference; explicitFileType = wrapper.application; includeInIndex = 0; path = teleTrader_app.app; sourceTree = BUILT_PRODUCTS_DIR; };
		BC497151279B53DC00BF5925 /* AppDelegate.swift */ = {isa = PBXFileReference; lastKnownFileType = sourcecode.swift; path = AppDelegate.swift; sourceTree = "<group>"; };
		BC497153279B53DC00BF5925 /* SceneDelegate.swift */ = {isa = PBXFileReference; lastKnownFileType = sourcecode.swift; path = SceneDelegate.swift; sourceTree = "<group>"; };
		BC497155279B53DC00BF5925 /* ListViewController.swift */ = {isa = PBXFileReference; lastKnownFileType = sourcecode.swift; path = ListViewController.swift; sourceTree = "<group>"; };
		BC497158279B53DC00BF5925 /* Base */ = {isa = PBXFileReference; lastKnownFileType = file.storyboard; name = Base; path = Base.lproj/Main.storyboard; sourceTree = "<group>"; };
		BC49715B279B53DD00BF5925 /* teleTrader_app.xcdatamodel */ = {isa = PBXFileReference; lastKnownFileType = wrapper.xcdatamodel; path = teleTrader_app.xcdatamodel; sourceTree = "<group>"; };
		BC49715D279B53DE00BF5925 /* Assets.xcassets */ = {isa = PBXFileReference; lastKnownFileType = folder.assetcatalog; path = Assets.xcassets; sourceTree = "<group>"; };
		BC497160279B53DE00BF5925 /* Base */ = {isa = PBXFileReference; lastKnownFileType = file.storyboard; name = Base; path = Base.lproj/LaunchScreen.storyboard; sourceTree = "<group>"; };
		BC497162279B53DE00BF5925 /* Info.plist */ = {isa = PBXFileReference; lastKnownFileType = text.plist.xml; path = Info.plist; sourceTree = "<group>"; };
		BC49716B279B5DD400BF5925 /* NewsHomeViewController.swift */ = {isa = PBXFileReference; lastKnownFileType = sourcecode.swift; path = NewsHomeViewController.swift; sourceTree = "<group>"; };
		BC497170279B600C00BF5925 /* DataManager.swift */ = {isa = PBXFileReference; lastKnownFileType = sourcecode.swift; path = DataManager.swift; sourceTree = "<group>"; };
		BC497173279B64B600BF5925 /* RestManager.swift */ = {isa = PBXFileReference; lastKnownFileType = sourcecode.swift; path = RestManager.swift; sourceTree = "<group>"; };
		BC497176279B657400BF5925 /* Constants.swift */ = {isa = PBXFileReference; lastKnownFileType = sourcecode.swift; path = Constants.swift; sourceTree = "<group>"; };
		BC497180279BEED500BF5925 /* MainTabBarController.swift */ = {isa = PBXFileReference; lastKnownFileType = sourcecode.swift; path = MainTabBarController.swift; sourceTree = "<group>"; };
		BC497183279BF42100BF5925 /* NRXMLParser.swift */ = {isa = PBXFileReference; lastKnownFileType = sourcecode.swift; path = NRXMLParser.swift; sourceTree = "<group>"; };
		BC497187279BF5D900BF5925 /* Symbol.swift */ = {isa = PBXFileReference; lastKnownFileType = sourcecode.swift; path = Symbol.swift; sourceTree = "<group>"; };
		BC49718C279C0D0800BF5925 /* Quote.swift */ = {isa = PBXFileReference; lastKnownFileType = sourcecode.swift; path = Quote.swift; sourceTree = "<group>"; };
		BC497190279C333600BF5925 /* ListViewModel.swift */ = {isa = PBXFileReference; lastKnownFileType = sourcecode.swift; path = ListViewModel.swift; sourceTree = "<group>"; };
		BC497196279C3B2200BF5925 /* ListTableViewCell.swift */ = {isa = PBXFileReference; lastKnownFileType = sourcecode.swift; path = ListTableViewCell.swift; sourceTree = "<group>"; };
		BC497197279C3B2200BF5925 /* ListTableViewCell.xib */ = {isa = PBXFileReference; lastKnownFileType = file.xib; path = ListTableViewCell.xib; sourceTree = "<group>"; };
		BC49719B279C5E9A00BF5925 /* Extensions.swift */ = {isa = PBXFileReference; lastKnownFileType = sourcecode.swift; path = Extensions.swift; sourceTree = "<group>"; };
		BC49719F279CB46700BF5925 /* SymbolDetailsViewController.swift */ = {isa = PBXFileReference; lastKnownFileType = sourcecode.swift; path = SymbolDetailsViewController.swift; sourceTree = "<group>"; };
/* End PBXFileReference section */

/* Begin PBXFrameworksBuildPhase section */
		BC49714B279B53DC00BF5925 /* Frameworks */ = {
			isa = PBXFrameworksBuildPhase;
			buildActionMask = 2147483647;
			files = (
			);
			runOnlyForDeploymentPostprocessing = 0;
		};
/* End PBXFrameworksBuildPhase section */

/* Begin PBXGroup section */
		BC497145279B53DC00BF5925 = {
			isa = PBXGroup;
			children = (
				BC497150279B53DC00BF5925 /* teleTrader_app */,
				BC49714F279B53DC00BF5925 /* Products */,
			);
			sourceTree = "<group>";
		};
		BC49714F279B53DC00BF5925 /* Products */ = {
			isa = PBXGroup;
			children = (
				BC49714E279B53DC00BF5925 /* teleTrader_app.app */,
			);
			name = Products;
			sourceTree = "<group>";
		};
		BC497150279B53DC00BF5925 /* teleTrader_app */ = {
			isa = PBXGroup;
			children = (
				BC497193279C340200BF5925 /* Scenes */,
				BC497186279BF5B700BF5925 /* Models */,
				BC49717F279BEE7300BF5925 /* Controllers */,
				BC49717A279B665200BF5925 /* SupportFiles */,
				BC49716F279B5FF200BF5925 /* DataManagement */,
				BC497157279B53DC00BF5925 /* Main.storyboard */,
				BC49715F279B53DE00BF5925 /* LaunchScreen.storyboard */,
				BC49715A279B53DD00BF5925 /* teleTrader_app.xcdatamodeld */,
				BC497162279B53DE00BF5925 /* Info.plist */,
			);
			path = teleTrader_app;
			sourceTree = "<group>";
		};
		BC49716F279B5FF200BF5925 /* DataManagement */ = {
			isa = PBXGroup;
			children = (
				BC497170279B600C00BF5925 /* DataManager.swift */,
				BC497173279B64B600BF5925 /* RestManager.swift */,
				BC497183279BF42100BF5925 /* NRXMLParser.swift */,
			);
			path = DataManagement;
			sourceTree = "<group>";
		};
		BC49717A279B665200BF5925 /* SupportFiles */ = {
			isa = PBXGroup;
			children = (
				BC49715D279B53DE00BF5925 /* Assets.xcassets */,
				BC497176279B657400BF5925 /* Constants.swift */,
				BC497151279B53DC00BF5925 /* AppDelegate.swift */,
				BC497153279B53DC00BF5925 /* SceneDelegate.swift */,
				BC49719B279C5E9A00BF5925 /* Extensions.swift */,
			);
			name = SupportFiles;
			path = teleTrader_app/SupportFiles;
			sourceTree = SOURCE_ROOT;
		};
		BC49717F279BEE7300BF5925 /* Controllers */ = {
			isa = PBXGroup;
			children = (
				BC49716B279B5DD400BF5925 /* NewsHomeViewController.swift */,
				BC497180279BEED500BF5925 /* MainTabBarController.swift */,
			);
			path = Controllers;
			sourceTree = "<group>";
		};
		BC497186279BF5B700BF5925 /* Models */ = {
			isa = PBXGroup;
			children = (
				BC497187279BF5D900BF5925 /* Symbol.swift */,
				BC49718C279C0D0800BF5925 /* Quote.swift */,
			);
			path = Models;
			sourceTree = "<group>";
		};
		BC497193279C340200BF5925 /* Scenes */ = {
			isa = PBXGroup;
			children = (
				BC49719E279CB40A00BF5925 /* SymbolDetailsScene */,
				BC497194279C342700BF5925 /* ListScene */,
			);
			path = Scenes;
			sourceTree = "<group>";
		};
		BC497194279C342700BF5925 /* ListScene */ = {
			isa = PBXGroup;
			children = (
				BC497190279C333600BF5925 /* ListViewModel.swift */,
				BC497155279B53DC00BF5925 /* ListViewController.swift */,
				BC497196279C3B2200BF5925 /* ListTableViewCell.swift */,
				BC497197279C3B2200BF5925 /* ListTableViewCell.xib */,
			);
			path = ListScene;
			sourceTree = "<group>";
		};
		BC49719E279CB40A00BF5925 /* SymbolDetailsScene */ = {
			isa = PBXGroup;
			children = (
				BC49719F279CB46700BF5925 /* SymbolDetailsViewController.swift */,
			);
			path = SymbolDetailsScene;
			sourceTree = "<group>";
		};
/* End PBXGroup section */

/* Begin PBXNativeTarget section */
		BC49714D279B53DC00BF5925 /* teleTrader_app */ = {
			isa = PBXNativeTarget;
			buildConfigurationList = BC497165279B53DE00BF5925 /* Build configuration list for PBXNativeTarget "teleTrader_app" */;
			buildPhases = (
				BC49714A279B53DC00BF5925 /* Sources */,
				BC49714B279B53DC00BF5925 /* Frameworks */,
				BC49714C279B53DC00BF5925 /* Resources */,
			);
			buildRules = (
			);
			dependencies = (
			);
			name = teleTrader_app;
			productName = teleTrader_app;
			productReference = BC49714E279B53DC00BF5925 /* teleTrader_app.app */;
			productType = "com.apple.product-type.application";
		};
/* End PBXNativeTarget section */

/* Begin PBXProject section */
		BC497146279B53DC00BF5925 /* Project object */ = {
			isa = PBXProject;
			attributes = {
				LastSwiftUpdateCheck = 1240;
				LastUpgradeCheck = 1240;
				TargetAttributes = {
					BC49714D279B53DC00BF5925 = {
						CreatedOnToolsVersion = 12.4;
					};
				};
			};
			buildConfigurationList = BC497149279B53DC00BF5925 /* Build configuration list for PBXProject "teleTrader_app" */;
			compatibilityVersion = "Xcode 9.3";
			developmentRegion = en;
			hasScannedForEncodings = 0;
			knownRegions = (
				en,
				Base,
			);
			mainGroup = BC497145279B53DC00BF5925;
			productRefGroup = BC49714F279B53DC00BF5925 /* Products */;
			projectDirPath = "";
			projectRoot = "";
			targets = (
				BC49714D279B53DC00BF5925 /* teleTrader_app */,
			);
		};
/* End PBXProject section */

/* Begin PBXResourcesBuildPhase section */
		BC49714C279B53DC00BF5925 /* Resources */ = {
			isa = PBXResourcesBuildPhase;
			buildActionMask = 2147483647;
			files = (
				BC497161279B53DE00BF5925 /* LaunchScreen.storyboard in Resources */,
				BC497199279C3B2200BF5925 /* ListTableViewCell.xib in Resources */,
				BC49715E279B53DE00BF5925 /* Assets.xcassets in Resources */,
				BC497159279B53DC00BF5925 /* Main.storyboard in Resources */,
			);
			runOnlyForDeploymentPostprocessing = 0;
		};
/* End PBXResourcesBuildPhase section */

/* Begin PBXSourcesBuildPhase section */
		BC49714A279B53DC00BF5925 /* Sources */ = {
			isa = PBXSourcesBuildPhase;
			buildActionMask = 2147483647;
			files = (
				BC497184279BF42100BF5925 /* NRXMLParser.swift in Sources */,
				BC497156279B53DC00BF5925 /* ListViewController.swift in Sources */,
				BC497171279B600C00BF5925 /* DataManager.swift in Sources */,
				BC497181279BEED500BF5925 /* MainTabBarController.swift in Sources */,
				BC49718D279C0D0800BF5925 /* Quote.swift in Sources */,
				BC4971A0279CB46800BF5925 /* SymbolDetailsViewController.swift in Sources */,
				BC497152279B53DC00BF5925 /* AppDelegate.swift in Sources */,
				BC497174279B64B600BF5925 /* RestManager.swift in Sources */,
				BC497198279C3B2200BF5925 /* ListTableViewCell.swift in Sources */,
				BC497188279BF5D900BF5925 /* Symbol.swift in Sources */,
				BC497154279B53DC00BF5925 /* SceneDelegate.swift in Sources */,
				BC49719C279C5E9A00BF5925 /* Extensions.swift in Sources */,
				BC497191279C333600BF5925 /* ListViewModel.swift in Sources */,
				BC497177279B657400BF5925 /* Constants.swift in Sources */,
				BC49716C279B5DD400BF5925 /* NewsHomeViewController.swift in Sources */,
				BC49715C279B53DD00BF5925 /* teleTrader_app.xcdatamodeld in Sources */,
			);
			runOnlyForDeploymentPostprocessing = 0;
		};
/* End PBXSourcesBuildPhase section */

/* Begin PBXVariantGroup section */
		BC497157279B53DC00BF5925 /* Main.storyboard */ = {
			isa = PBXVariantGroup;
			children = (
				BC497158279B53DC00BF5925 /* Base */,
			);
			name = Main.storyboard;
			sourceTree = "<group>";
		};
		BC49715F279B53DE00BF5925 /* LaunchScreen.storyboard */ = {
			isa = PBXVariantGroup;
			children = (
				BC497160279B53DE00BF5925 /* Base */,
			);
			name = LaunchScreen.storyboard;
			sourceTree = "<group>";
		};
/* End PBXVariantGroup section */

/* Begin XCBuildConfiguration section */
		BC497163279B53DE00BF5925 /* Debug */ = {
			isa = XCBuildConfiguration;
			buildSettings = {
				ALWAYS_SEARCH_USER_PATHS = NO;
				CLANG_ANALYZER_NONNULL = YES;
				CLANG_ANALYZER_NUMBER_OBJECT_CONVERSION = YES_AGGRESSIVE;
				CLANG_CXX_LANGUAGE_STANDARD = "gnu++14";
				CLANG_CXX_LIBRARY = "libc++";
				CLANG_ENABLE_MODULES = YES;
				CLANG_ENABLE_OBJC_ARC = YES;
				CLANG_ENABLE_OBJC_WEAK = YES;
				CLANG_WARN_BLOCK_CAPTURE_AUTORELEASING = YES;
				CLANG_WARN_BOOL_CONVERSION = YES;
				CLANG_WARN_COMMA = YES;
				CLANG_WARN_CONSTANT_CONVERSION = YES;
				CLANG_WARN_DEPRECATED_OBJC_IMPLEMENTATIONS = YES;
				CLANG_WARN_DIRECT_OBJC_ISA_USAGE = YES_ERROR;
				CLANG_WARN_DOCUMENTATION_COMMENTS = YES;
				CLANG_WARN_EMPTY_BODY = YES;
				CLANG_WARN_ENUM_CONVERSION = YES;
				CLANG_WARN_INFINITE_RECURSION = YES;
				CLANG_WARN_INT_CONVERSION = YES;
				CLANG_WARN_NON_LITERAL_NULL_CONVERSION = YES;
				CLANG_WARN_OBJC_IMPLICIT_RETAIN_SELF = YES;
				CLANG_WARN_OBJC_LITERAL_CONVERSION = YES;
				CLANG_WARN_OBJC_ROOT_CLASS = YES_ERROR;
				CLANG_WARN_QUOTED_INCLUDE_IN_FRAMEWORK_HEADER = YES;
				CLANG_WARN_RANGE_LOOP_ANALYSIS = YES;
				CLANG_WARN_STRICT_PROTOTYPES = YES;
				CLANG_WARN_SUSPICIOUS_MOVE = YES;
				CLANG_WARN_UNGUARDED_AVAILABILITY = YES_AGGRESSIVE;
				CLANG_WARN_UNREACHABLE_CODE = YES;
				CLANG_WARN__DUPLICATE_METHOD_MATCH = YES;
				COPY_PHASE_STRIP = NO;
				DEBUG_INFORMATION_FORMAT = dwarf;
				ENABLE_STRICT_OBJC_MSGSEND = YES;
				ENABLE_TESTABILITY = YES;
				GCC_C_LANGUAGE_STANDARD = gnu11;
				GCC_DYNAMIC_NO_PIC = NO;
				GCC_NO_COMMON_BLOCKS = YES;
				GCC_OPTIMIZATION_LEVEL = 0;
				GCC_PREPROCESSOR_DEFINITIONS = (
					"DEBUG=1",
					"$(inherited)",
				);
				GCC_WARN_64_TO_32_BIT_CONVERSION = YES;
				GCC_WARN_ABOUT_RETURN_TYPE = YES_ERROR;
				GCC_WARN_UNDECLARED_SELECTOR = YES;
				GCC_WARN_UNINITIALIZED_AUTOS = YES_AGGRESSIVE;
				GCC_WARN_UNUSED_FUNCTION = YES;
				GCC_WARN_UNUSED_VARIABLE = YES;
				IPHONEOS_DEPLOYMENT_TARGET = 14.4;
				MTL_ENABLE_DEBUG_INFO = INCLUDE_SOURCE;
				MTL_FAST_MATH = YES;
				ONLY_ACTIVE_ARCH = YES;
				SDKROOT = iphoneos;
				SWIFT_ACTIVE_COMPILATION_CONDITIONS = DEBUG;
				SWIFT_OPTIMIZATION_LEVEL = "-Onone";
			};
			name = Debug;
		};
		BC497164279B53DE00BF5925 /* Release */ = {
			isa = XCBuildConfiguration;
			buildSettings = {
				ALWAYS_SEARCH_USER_PATHS = NO;
				CLANG_ANALYZER_NONNULL = YES;
				CLANG_ANALYZER_NUMBER_OBJECT_CONVERSION = YES_AGGRESSIVE;
				CLANG_CXX_LANGUAGE_STANDARD = "gnu++14";
				CLANG_CXX_LIBRARY = "libc++";
				CLANG_ENABLE_MODULES = YES;
				CLANG_ENABLE_OBJC_ARC = YES;
				CLANG_ENABLE_OBJC_WEAK = YES;
				CLANG_WARN_BLOCK_CAPTURE_AUTORELEASING = YES;
				CLANG_WARN_BOOL_CONVERSION = YES;
				CLANG_WARN_COMMA = YES;
				CLANG_WARN_CONSTANT_CONVERSION = YES;
				CLANG_WARN_DEPRECATED_OBJC_IMPLEMENTATIONS = YES;
				CLANG_WARN_DIRECT_OBJC_ISA_USAGE = YES_ERROR;
				CLANG_WARN_DOCUMENTATION_COMMENTS = YES;
				CLANG_WARN_EMPTY_BODY = YES;
				CLANG_WARN_ENUM_CONVERSION = YES;
				CLANG_WARN_INFINITE_RECURSION = YES;
				CLANG_WARN_INT_CONVERSION = YES;
				CLANG_WARN_NON_LITERAL_NULL_CONVERSION = YES;
				CLANG_WARN_OBJC_IMPLICIT_RETAIN_SELF = YES;
				CLANG_WARN_OBJC_LITERAL_CONVERSION = YES;
				CLANG_WARN_OBJC_ROOT_CLASS = YES_ERROR;
				CLANG_WARN_QUOTED_INCLUDE_IN_FRAMEWORK_HEADER = YES;
				CLANG_WARN_RANGE_LOOP_ANALYSIS = YES;
				CLANG_WARN_STRICT_PROTOTYPES = YES;
				CLANG_WARN_SUSPICIOUS_MOVE = YES;
				CLANG_WARN_UNGUARDED_AVAILABILITY = YES_AGGRESSIVE;
				CLANG_WARN_UNREACHABLE_CODE = YES;
				CLANG_WARN__DUPLICATE_METHOD_MATCH = YES;
				COPY_PHASE_STRIP = NO;
				DEBUG_INFORMATION_FORMAT = "dwarf-with-dsym";
				ENABLE_NS_ASSERTIONS = NO;
				ENABLE_STRICT_OBJC_MSGSEND = YES;
				GCC_C_LANGUAGE_STANDARD = gnu11;
				GCC_NO_COMMON_BLOCKS = YES;
				GCC_WARN_64_TO_32_BIT_CONVERSION = YES;
				GCC_WARN_ABOUT_RETURN_TYPE = YES_ERROR;
				GCC_WARN_UNDECLARED_SELECTOR = YES;
				GCC_WARN_UNINITIALIZED_AUTOS = YES_AGGRESSIVE;
				GCC_WARN_UNUSED_FUNCTION = YES;
				GCC_WARN_UNUSED_VARIABLE = YES;
				IPHONEOS_DEPLOYMENT_TARGET = 14.4;
				MTL_ENABLE_DEBUG_INFO = NO;
				MTL_FAST_MATH = YES;
				SDKROOT = iphoneos;
				SWIFT_COMPILATION_MODE = wholemodule;
				SWIFT_OPTIMIZATION_LEVEL = "-O";
				VALIDATE_PRODUCT = YES;
			};
			name = Release;
		};
		BC497166279B53DE00BF5925 /* Debug */ = {
			isa = XCBuildConfiguration;
			buildSettings = {
				ASSETCATALOG_COMPILER_APPICON_NAME = AppIcon;
				ASSETCATALOG_COMPILER_GLOBAL_ACCENT_COLOR_NAME = AccentColor;
				CODE_SIGN_STYLE = Automatic;
				DEVELOPMENT_TEAM = S94WS5979X;
				INFOPLIST_FILE = teleTrader_app/Info.plist;
				LD_RUNPATH_SEARCH_PATHS = (
					"$(inherited)",
					"@executable_path/Frameworks",
				);
				PRODUCT_BUNDLE_IDENTIFIER = "com.rosicnikola90-gmail.WebViewSVG.teleTrader-app";
				PRODUCT_NAME = "$(TARGET_NAME)";
				SWIFT_VERSION = 5.0;
				TARGETED_DEVICE_FAMILY = 1;
			};
			name = Debug;
		};
		BC497167279B53DE00BF5925 /* Release */ = {
			isa = XCBuildConfiguration;
			buildSettings = {
				ASSETCATALOG_COMPILER_APPICON_NAME = AppIcon;
				ASSETCATALOG_COMPILER_GLOBAL_ACCENT_COLOR_NAME = AccentColor;
				CODE_SIGN_STYLE = Automatic;
				DEVELOPMENT_TEAM = S94WS5979X;
				INFOPLIST_FILE = teleTrader_app/Info.plist;
				LD_RUNPATH_SEARCH_PATHS = (
					"$(inherited)",
					"@executable_path/Frameworks",
				);
				PRODUCT_BUNDLE_IDENTIFIER = "com.rosicnikola90-gmail.WebViewSVG.teleTrader-app";
				PRODUCT_NAME = "$(TARGET_NAME)";
				SWIFT_VERSION = 5.0;
				TARGETED_DEVICE_FAMILY = 1;
			};
			name = Release;
		};
/* End XCBuildConfiguration section */

/* Begin XCConfigurationList section */
		BC497149279B53DC00BF5925 /* Build configuration list for PBXProject "teleTrader_app" */ = {
			isa = XCConfigurationList;
			buildConfigurations = (
				BC497163279B53DE00BF5925 /* Debug */,
				BC497164279B53DE00BF5925 /* Release */,
			);
			defaultConfigurationIsVisible = 0;
			defaultConfigurationName = Release;
		};
		BC497165279B53DE00BF5925 /* Build configuration list for PBXNativeTarget "teleTrader_app" */ = {
			isa = XCConfigurationList;
			buildConfigurations = (
				BC497166279B53DE00BF5925 /* Debug */,
				BC497167279B53DE00BF5925 /* Release */,
			);
			defaultConfigurationIsVisible = 0;
			defaultConfigurationName = Release;
		};
/* End XCConfigurationList section */

/* Begin XCVersionGroup section */
		BC49715A279B53DD00BF5925 /* teleTrader_app.xcdatamodeld */ = {
			isa = XCVersionGroup;
			children = (
				BC49715B279B53DD00BF5925 /* teleTrader_app.xcdatamodel */,
			);
			currentVersion = BC49715B279B53DD00BF5925 /* teleTrader_app.xcdatamodel */;
			path = teleTrader_app.xcdatamodeld;
			sourceTree = "<group>";
			versionGroupType = wrapper.xcdatamodel;
		};
/* End XCVersionGroup section */
	};
	rootObject = BC497146279B53DC00BF5925 /* Project object */;
}
